{
  "version": 4,
  "terraform_version": "1.2.6",
  "serial": 3,
  "lineage": "0b9cb338-bd2b-a6e5-a7ea-60b0c1d20e0b",
  "outputs": {},
  "resources": [
    {
      "mode": "managed",
      "type": "aws_vpc",
      "name": "dev-vpc",
      "provider": "provider[\"registry.terraform.io/hashicorp/aws\"]",
      "instances": [
        {
          "schema_version": 1,
          "attributes": {
            "arn": "arn:aws:ec2:ca-central-1:324656210046:vpc/vpc-06f12e2fa551ba793",
            "assign_generated_ipv6_cidr_block": false,
            "cidr_block": "10.0.0.0/16",
            "default_network_acl_id": "acl-0f0af4c0e5613a7e9",
            "default_route_table_id": "rtb-066fce37c6d5750ea",
            "default_security_group_id": "sg-0b8ad27e8df808b99",
            "dhcp_options_id": "dopt-0ec17524a5afd9d2c",
            "enable_classiclink": false,
            "enable_classiclink_dns_support": false,
            "enable_dns_hostnames": false,
            "enable_dns_support": true,
            "id": "vpc-06f12e2fa551ba793",
            "instance_tenancy": "default",
            "ipv4_ipam_pool_id": null,
            "ipv4_netmask_length": null,
            "ipv6_association_id": "",
            "ipv6_cidr_block": "",
            "ipv6_cidr_block_network_border_group": "",
            "ipv6_ipam_pool_id": "",
            "ipv6_netmask_length": 0,
            "main_route_table_id": "rtb-066fce37c6d5750ea",
            "owner_id": "324656210046",
            "tags": null,
            "tags_all": {}
          },
          "sensitive_attributes": [],
          "private": "eyJzY2hlbWFfdmVyc2lvbiI6IjEifQ=="
        }
      ]
    }
  ]
}
